// !$*UTF8*$!
{
	archiveVersion = 1;
	classes = {
	};
	objectVersion = 46;
	objects = {

/* Begin PBXBuildFile section */
		83E44833164167C2006E8FF2 /* UIKit.framework in Frameworks */ = {isa = PBXBuildFile; fileRef = 83E44832164167C2006E8FF2 /* UIKit.framework */; };
		83E44835164167C2006E8FF2 /* Foundation.framework in Frameworks */ = {isa = PBXBuildFile; fileRef = 83E44834164167C2006E8FF2 /* Foundation.framework */; };
		83E44837164167C2006E8FF2 /* CoreGraphics.framework in Frameworks */ = {isa = PBXBuildFile; fileRef = 83E44836164167C2006E8FF2 /* CoreGraphics.framework */; };
		83E4483D164167C2006E8FF2 /* InfoPlist.strings in Resources */ = {isa = PBXBuildFile; fileRef = 83E4483B164167C2006E8FF2 /* InfoPlist.strings */; };
		83E4483F164167C2006E8FF2 /* main.m in Sources */ = {isa = PBXBuildFile; fileRef = 83E4483E164167C2006E8FF2 /* main.m */; };
		83E44843164167C2006E8FF2 /* AppDelegate.m in Sources */ = {isa = PBXBuildFile; fileRef = 83E44842164167C2006E8FF2 /* AppDelegate.m */; };
		83E44845164167C2006E8FF2 /* Default.png in Resources */ = {isa = PBXBuildFile; fileRef = 83E44844164167C2006E8FF2 /* Default.png */; };
		83E44847164167C2006E8FF2 /* Default@2x.png in Resources */ = {isa = PBXBuildFile; fileRef = 83E44846164167C2006E8FF2 /* Default@2x.png */; };
		83E44849164167C2006E8FF2 /* Default-568h@2x.png in Resources */ = {isa = PBXBuildFile; fileRef = 83E44848164167C2006E8FF2 /* Default-568h@2x.png */; };
		83E4484C164167C2006E8FF2 /* ViewController.m in Sources */ = {isa = PBXBuildFile; fileRef = 83E4484B164167C2006E8FF2 /* ViewController.m */; };
		83E4484F164167C2006E8FF2 /* ViewController.xib in Resources */ = {isa = PBXBuildFile; fileRef = 83E4484D164167C2006E8FF2 /* ViewController.xib */; };
/* End PBXBuildFile section */

/* Begin PBXFileReference section */
		83E4482E164167C2006E8FF2 /* project2.app */ = {isa = PBXFileReference; explicitFileType = wrapper.application; includeInIndex = 0; path = project2.app; sourceTree = BUILT_PRODUCTS_DIR; };
		83E44832164167C2006E8FF2 /* UIKit.framework */ = {isa = PBXFileReference; lastKnownFileType = wrapper.framework; name = UIKit.framework; path = System/Library/Frameworks/UIKit.framework; sourceTree = SDKROOT; };
		83E44834164167C2006E8FF2 /* Foundation.framework */ = {isa = PBXFileReference; lastKnownFileType = wrapper.framework; name = Foundation.framework; path = System/Library/Frameworks/Foundation.framework; sourceTree = SDKROOT; };
		83E44836164167C2006E8FF2 /* CoreGraphics.framework */ = {isa = PBXFileReference; lastKnownFileType = wrapper.framework; name = CoreGraphics.framework; path = System/Library/Frameworks/CoreGraphics.framework; sourceTree = SDKROOT; };
		83E4483A164167C2006E8FF2 /* project2-Info.plist */ = {isa = PBXFileReference; lastKnownFileType = text.plist.xml; path = "project2-Info.plist"; sourceTree = "<group>"; };
		83E4483C164167C2006E8FF2 /* en */ = {isa = PBXFileReference; lastKnownFileType = text.plist.strings; name = en; path = en.lproj/InfoPlist.strings; sourceTree = "<group>"; };
		83E4483E164167C2006E8FF2 /* main.m */ = {isa = PBXFileReference; lastKnownFileType = sourcecode.c.objc; path = main.m; sourceTree = "<group>"; };
		83E44840164167C2006E8FF2 /* project2-Prefix.pch */ = {isa = PBXFileReference; lastKnownFileType = sourcecode.c.h; path = "project2-Prefix.pch"; sourceTree = "<group>"; };
		83E44841164167C2006E8FF2 /* AppDelegate.h */ = {isa = PBXFileReference; lastKnownFileType = sourcecode.c.h; path = AppDelegate.h; sourceTree = "<group>"; };
		83E44842164167C2006E8FF2 /* AppDelegate.m */ = {isa = PBXFileReference; lastKnownFileType = sourcecode.c.objc; path = AppDelegate.m; sourceTree = "<group>"; };
		83E44844164167C2006E8FF2 /* Default.png */ = {isa = PBXFileReference; lastKnownFileType = image.png; path = Default.png; sourceTree = "<group>"; };
		83E44846164167C2006E8FF2 /* Default@2x.png */ = {isa = PBXFileReference; lastKnownFileType = image.png; path = "Default@2x.png"; sourceTree = "<group>"; };
		83E44848164167C2006E8FF2 /* Default-568h@2x.png */ = {isa = PBXFileReference; lastKnownFileType = image.png; path = "Default-568h@2x.png"; sourceTree = "<group>"; };
		83E4484A164167C2006E8FF2 /* ViewController.h */ = {isa = PBXFileReference; lastKnownFileType = sourcecode.c.h; path = ViewController.h; sourceTree = "<group>"; };
		83E4484B164167C2006E8FF2 /* ViewController.m */ = {isa = PBXFileReference; lastKnownFileType = sourcecode.c.objc; path = ViewController.m; sourceTree = "<group>"; };
		83E4484E164167C2006E8FF2 /* en */ = {isa = PBXFileReference; lastKnownFileType = file.xib; name = en; path = en.lproj/ViewController.xib; sourceTree = "<group>"; };
/* End PBXFileReference section */

/* Begin PBXFrameworksBuildPhase section */
		83E4482B164167C2006E8FF2 /* Frameworks */ = {
			isa = PBXFrameworksBuildPhase;
			buildActionMask = 2147483647;
			files = (
				83E44833164167C2006E8FF2 /* UIKit.framework in Frameworks */,
				83E44835164167C2006E8FF2 /* Foundation.framework in Frameworks */,
				83E44837164167C2006E8FF2 /* CoreGraphics.framework in Frameworks */,
			);
			runOnlyForDeploymentPostprocessing = 0;
		};
/* End PBXFrameworksBuildPhase section */

/* Begin PBXGroup section */
		83E44823164167C1006E8FF2 = {
			isa = PBXGroup;
			children = (
				83E44838164167C2006E8FF2 /* project2 */,
				83E44831164167C2006E8FF2 /* Frameworks */,
				83E4482F164167C2006E8FF2 /* Products */,
			);
			sourceTree = "<group>";
		};
		83E4482F164167C2006E8FF2 /* Products */ = {
			isa = PBXGroup;
			children = (
				83E4482E164167C2006E8FF2 /* project2.app */,
			);
			name = Products;
			sourceTree = "<group>";
		};
		83E44831164167C2006E8FF2 /* Frameworks */ = {
			isa = PBXGroup;
			children = (
				83E44832164167C2006E8FF2 /* UIKit.framework */,
				83E44834164167C2006E8FF2 /* Foundation.framework */,
				83E44836164167C2006E8FF2 /* CoreGraphics.framework */,
			);
			name = Frameworks;
			sourceTree = "<group>";
		};
		83E44838164167C2006E8FF2 /* project2 */ = {
			isa = PBXGroup;
			children = (
				83E44841164167C2006E8FF2 /* AppDelegate.h */,
				83E44842164167C2006E8FF2 /* AppDelegate.m */,
				83E4484A164167C2006E8FF2 /* ViewController.h */,
				83E4484B164167C2006E8FF2 /* ViewController.m */,
				83E4484D164167C2006E8FF2 /* ViewController.xib */,
				83E44839164167C2006E8FF2 /* Supporting Files */,
			);
			path = project2;
			sourceTree = "<group>";
		};
		83E44839164167C2006E8FF2 /* Supporting Files */ = {
			isa = PBXGroup;
			children = (
				83E4483A164167C2006E8FF2 /* project2-Info.plist */,
				83E4483B164167C2006E8FF2 /* InfoPlist.strings */,
				83E4483E164167C2006E8FF2 /* main.m */,
				83E44840164167C2006E8FF2 /* project2-Prefix.pch */,
				83E44844164167C2006E8FF2 /* Default.png */,
				83E44846164167C2006E8FF2 /* Default@2x.png */,
				83E44848164167C2006E8FF2 /* Default-568h@2x.png */,
			);
			name = "Supporting Files";
			sourceTree = "<group>";
		};
/* End PBXGroup section */

/* Begin PBXNativeTarget section */
		83E4482D164167C2006E8FF2 /* project2 */ = {
			isa = PBXNativeTarget;
			buildConfigurationList = 83E44852164167C2006E8FF2 /* Build configuration list for PBXNativeTarget "project2" */;
			buildPhases = (
				83E4482A164167C2006E8FF2 /* Sources */,
				83E4482B164167C2006E8FF2 /* Frameworks */,
				83E4482C164167C2006E8FF2 /* Resources */,
			);
			buildRules = (
			);
			dependencies = (
			);
			name = project2;
			productName = project2;
			productReference = 83E4482E164167C2006E8FF2 /* project2.app */;
			productType = "com.apple.product-type.application";
		};
/* End PBXNativeTarget section */

/* Begin PBXProject section */
		83E44825164167C1006E8FF2 /* Project object */ = {
			isa = PBXProject;
			attributes = {
				LastUpgradeCheck = 0450;
				ORGANIZATIONNAME = "Rueben Anderson";
			};
			buildConfigurationList = 83E44828164167C1006E8FF2 /* Build configuration list for PBXProject "project2" */;
			compatibilityVersion = "Xcode 3.2";
			developmentRegion = English;
			hasScannedForEncodings = 0;
			knownRegions = (
				en,
			);
			mainGroup = 83E44823164167C1006E8FF2;
			productRefGroup = 83E4482F164167C2006E8FF2 /* Products */;
			projectDirPath = "";
			projectRoot = "";
			targets = (
				83E4482D164167C2006E8FF2 /* project2 */,
			);
		};
/* End PBXProject section */

/* Begin PBXResourcesBuildPhase section */
		83E4482C164167C2006E8FF2 /* Resources */ = {
			isa = PBXResourcesBuildPhase;
			buildActionMask = 2147483647;
			files = (
				83E4483D164167C2006E8FF2 /* InfoPlist.strings in Resources */,
				83E44845164167C2006E8FF2 /* Default.png in Resources */,
				83E44847164167C2006E8FF2 /* Default@2x.png in Resources */,
				83E44849164167C2006E8FF2 /* Default-568h@2x.png in Resources */,
				83E4484F164167C2006E8FF2 /* ViewController.xib in Resources */,
			);
			runOnlyForDeploymentPostprocessing = 0;
		};
/* End PBXResourcesBuildPhase section */

/* Begin PBXSourcesBuildPhase section */
		83E4482A164167C2006E8FF2 /* Sources */ = {
			isa = PBXSourcesBuildPhase;
			buildActionMask = 2147483647;
			files = (
				83E4483F164167C2006E8FF2 /* main.m in Sources */,
				83E44843164167C2006E8FF2 /* AppDelegate.m in Sources */,
				83E4484C164167C2006E8FF2 /* ViewController.m in Sources */,
			);
			runOnlyForDeploymentPostprocessing = 0;
		};
/* End PBXSourcesBuildPhase section */

/* Begin PBXVariantGroup section */
		83E4483B164167C2006E8FF2 /* InfoPlist.strings */ = {
			isa = PBXVariantGroup;
			children = (
				83E4483C164167C2006E8FF2 /* en */,
			);
			name = InfoPlist.strings;
			sourceTree = "<group>";
		};
		83E4484D164167C2006E8FF2 /* ViewController.xib */ = {
			isa = PBXVariantGroup;
			children = (
				83E4484E164167C2006E8FF2 /* en */,
			);
			name = ViewController.xib;
			sourceTree = "<group>";
		};
/* End PBXVariantGroup section */

/* Begin XCBuildConfiguration section */
		83E44850164167C2006E8FF2 /* Debug */ = {
			isa = XCBuildConfiguration;
			buildSettings = {
				ALWAYS_SEARCH_USER_PATHS = NO;
				CLANG_CXX_LANGUAGE_STANDARD = "gnu++0x";
				CLANG_CXX_LIBRARY = "libc++";
				CLANG_WARN_EMPTY_BODY = YES;
				CLANG_WARN__DUPLICATE_METHOD_MATCH = YES;
				"CODE_SIGN_IDENTITY[sdk=iphoneos*]" = "iPhone Developer";
				COPY_PHASE_STRIP = NO;
				GCC_C_LANGUAGE_STANDARD = gnu99;
				GCC_DYNAMIC_NO_PIC = NO;
				GCC_OPTIMIZATION_LEVEL = 0;
				GCC_PREPROCESSOR_DEFINITIONS = (
					"DEBUG=1",
					"$(inherited)",
				);
				GCC_SYMBOLS_PRIVATE_EXTERN = NO;
				GCC_WARN_ABOUT_RETURN_TYPE = YES;
				GCC_WARN_UNINITIALIZED_AUTOS = YES;
				GCC_WARN_UNUSED_VARIABLE = YES;
				IPHONEOS_DEPLOYMENT_TARGET = 6.0;
				ONLY_ACTIVE_ARCH = YES;
				SDKROOT = iphoneos;
			};
			name = Debug;
		};
		83E44851164167C2006E8FF2 /* Release */ = {
			isa = XCBuildConfiguration;
			buildSettings = {
				ALWAYS_SEARCH_USER_PATHS = NO;
				CLANG_CXX_LANGUAGE_STANDARD = "gnu++0x";
				CLANG_CXX_LIBRARY = "libc++";
				CLANG_WARN_EMPTY_BODY = YES;
				CLANG_WARN__DUPLICATE_METHOD_MATCH = YES;
				"CODE_SIGN_IDENTITY[sdk=iphoneos*]" = "iPhone Developer";
				COPY_PHASE_STRIP = YES;
				GCC_C_LANGUAGE_STANDARD = gnu99;
				GCC_WARN_ABOUT_RETURN_TYPE = YES;
				GCC_WARN_UNINITIALIZED_AUTOS = YES;
				GCC_WARN_UNUSED_VARIABLE = YES;
				IPHONEOS_DEPLOYMENT_TARGET = 6.0;
				OTHER_CFLAGS = "-DNS_BLOCK_ASSERTIONS=1";
				SDKROOT = iphoneos;
				VALIDATE_PRODUCT = YES;
			};
			name = Release;
		};
		83E44853164167C2006E8FF2 /* Debug */ = {
			isa = XCBuildConfiguration;
			buildSettings = {
				GCC_PRECOMPILE_PREFIX_HEADER = YES;
				GCC_PREFIX_HEADER = "project2/project2-Prefix.pch";
				INFOPLIST_FILE = "project2/project2-Info.plist";
				PRODUCT_NAME = "$(TARGET_NAME)";
				WRAPPER_EXTENSION = app;
			};
			name = Debug;
		};
		83E44854164167C2006E8FF2 /* Release */ = {
			isa = XCBuildConfiguration;
			buildSettings = {
				GCC_PRECOMPILE_PREFIX_HEADER = YES;
				GCC_PREFIX_HEADER = "project2/project2-Prefix.pch";
				INFOPLIST_FILE = "project2/project2-Info.plist";
				PRODUCT_NAME = "$(TARGET_NAME)";
				WRAPPER_EXTENSION = app;
			};
			name = Release;
		};
/* End XCBuildConfiguration section */

/* Begin XCConfigurationList section */
		83E44828164167C1006E8FF2 /* Build configuration list for PBXProject "project2" */ = {
			isa = XCConfigurationList;
			buildConfigurations = (
				83E44850164167C2006E8FF2 /* Debug */,
				83E44851164167C2006E8FF2 /* Release */,
			);
			defaultConfigurationIsVisible = 0;
			defaultConfigurationName = Release;
		};
		83E44852164167C2006E8FF2 /* Build configuration list for PBXNativeTarget "project2" */ = {
			isa = XCConfigurationList;
			buildConfigurations = (
				83E44853164167C2006E8FF2 /* Debug */,
				83E44854164167C2006E8FF2 /* Release */,
			);
			defaultConfigurationIsVisible = 0;
		};
/* End XCConfigurationList section */
	};
	rootObject = 83E44825164167C1006E8FF2 /* Project object */;
}
