// !$*UTF8*$!
{
	archiveVersion = 1;
	classes = {
	};
	objectVersion = 46;
	objects = {

/* Begin PBXBuildFile section */
		83A85B1B164AB5BC001F2B18 /* UIKit.framework in Frameworks */ = {isa = PBXBuildFile; fileRef = 83A85B1A164AB5BC001F2B18 /* UIKit.framework */; };
		83A85B1D164AB5BC001F2B18 /* Foundation.framework in Frameworks */ = {isa = PBXBuildFile; fileRef = 83A85B1C164AB5BC001F2B18 /* Foundation.framework */; };
		83A85B1F164AB5BC001F2B18 /* CoreGraphics.framework in Frameworks */ = {isa = PBXBuildFile; fileRef = 83A85B1E164AB5BC001F2B18 /* CoreGraphics.framework */; };
		83A85B25164AB5BC001F2B18 /* InfoPlist.strings in Resources */ = {isa = PBXBuildFile; fileRef = 83A85B23164AB5BC001F2B18 /* InfoPlist.strings */; };
		83A85B27164AB5BC001F2B18 /* main.m in Sources */ = {isa = PBXBuildFile; fileRef = 83A85B26164AB5BC001F2B18 /* main.m */; };
		83A85B2B164AB5BC001F2B18 /* AppDelegate.m in Sources */ = {isa = PBXBuildFile; fileRef = 83A85B2A164AB5BC001F2B18 /* AppDelegate.m */; };
		83A85B2D164AB5BD001F2B18 /* Default.png in Resources */ = {isa = PBXBuildFile; fileRef = 83A85B2C164AB5BD001F2B18 /* Default.png */; };
		83A85B2F164AB5BD001F2B18 /* Default@2x.png in Resources */ = {isa = PBXBuildFile; fileRef = 83A85B2E164AB5BD001F2B18 /* Default@2x.png */; };
		83A85B31164AB5BD001F2B18 /* Default-568h@2x.png in Resources */ = {isa = PBXBuildFile; fileRef = 83A85B30164AB5BD001F2B18 /* Default-568h@2x.png */; };
		83A85B34164AB5BD001F2B18 /* ViewController.m in Sources */ = {isa = PBXBuildFile; fileRef = 83A85B33164AB5BD001F2B18 /* ViewController.m */; };
		83A85B37164AB5BD001F2B18 /* ViewController.xib in Resources */ = {isa = PBXBuildFile; fileRef = 83A85B35164AB5BD001F2B18 /* ViewController.xib */; };
		83A85B40164AB602001F2B18 /* SecondViewController.m in Sources */ = {isa = PBXBuildFile; fileRef = 83A85B3E164AB602001F2B18 /* SecondViewController.m */; };
		83A85B41164AB602001F2B18 /* SecondViewController.xib in Resources */ = {isa = PBXBuildFile; fileRef = 83A85B3F164AB602001F2B18 /* SecondViewController.xib */; };
/* End PBXBuildFile section */

/* Begin PBXFileReference section */
		83A85B16164AB5BC001F2B18 /* project3.app */ = {isa = PBXFileReference; explicitFileType = wrapper.application; includeInIndex = 0; path = project3.app; sourceTree = BUILT_PRODUCTS_DIR; };
		83A85B1A164AB5BC001F2B18 /* UIKit.framework */ = {isa = PBXFileReference; lastKnownFileType = wrapper.framework; name = UIKit.framework; path = System/Library/Frameworks/UIKit.framework; sourceTree = SDKROOT; };
		83A85B1C164AB5BC001F2B18 /* Foundation.framework */ = {isa = PBXFileReference; lastKnownFileType = wrapper.framework; name = Foundation.framework; path = System/Library/Frameworks/Foundation.framework; sourceTree = SDKROOT; };
		83A85B1E164AB5BC001F2B18 /* CoreGraphics.framework */ = {isa = PBXFileReference; lastKnownFileType = wrapper.framework; name = CoreGraphics.framework; path = System/Library/Frameworks/CoreGraphics.framework; sourceTree = SDKROOT; };
		83A85B22164AB5BC001F2B18 /* project3-Info.plist */ = {isa = PBXFileReference; lastKnownFileType = text.plist.xml; path = "project3-Info.plist"; sourceTree = "<group>"; };
		83A85B24164AB5BC001F2B18 /* en */ = {isa = PBXFileReference; lastKnownFileType = text.plist.strings; name = en; path = en.lproj/InfoPlist.strings; sourceTree = "<group>"; };
		83A85B26164AB5BC001F2B18 /* main.m */ = {isa = PBXFileReference; lastKnownFileType = sourcecode.c.objc; path = main.m; sourceTree = "<group>"; };
		83A85B28164AB5BC001F2B18 /* project3-Prefix.pch */ = {isa = PBXFileReference; lastKnownFileType = sourcecode.c.h; path = "project3-Prefix.pch"; sourceTree = "<group>"; };
		83A85B29164AB5BC001F2B18 /* AppDelegate.h */ = {isa = PBXFileReference; lastKnownFileType = sourcecode.c.h; path = AppDelegate.h; sourceTree = "<group>"; };
		83A85B2A164AB5BC001F2B18 /* AppDelegate.m */ = {isa = PBXFileReference; lastKnownFileType = sourcecode.c.objc; path = AppDelegate.m; sourceTree = "<group>"; };
		83A85B2C164AB5BD001F2B18 /* Default.png */ = {isa = PBXFileReference; lastKnownFileType = image.png; path = Default.png; sourceTree = "<group>"; };
		83A85B2E164AB5BD001F2B18 /* Default@2x.png */ = {isa = PBXFileReference; lastKnownFileType = image.png; path = "Default@2x.png"; sourceTree = "<group>"; };
		83A85B30164AB5BD001F2B18 /* Default-568h@2x.png */ = {isa = PBXFileReference; lastKnownFileType = image.png; path = "Default-568h@2x.png"; sourceTree = "<group>"; };
		83A85B32164AB5BD001F2B18 /* ViewController.h */ = {isa = PBXFileReference; lastKnownFileType = sourcecode.c.h; path = ViewController.h; sourceTree = "<group>"; };
		83A85B33164AB5BD001F2B18 /* ViewController.m */ = {isa = PBXFileReference; lastKnownFileType = sourcecode.c.objc; path = ViewController.m; sourceTree = "<group>"; };
		83A85B36164AB5BD001F2B18 /* en */ = {isa = PBXFileReference; lastKnownFileType = file.xib; name = en; path = en.lproj/ViewController.xib; sourceTree = "<group>"; };
		83A85B3D164AB602001F2B18 /* SecondViewController.h */ = {isa = PBXFileReference; fileEncoding = 4; lastKnownFileType = sourcecode.c.h; path = SecondViewController.h; sourceTree = "<group>"; };
		83A85B3E164AB602001F2B18 /* SecondViewController.m */ = {isa = PBXFileReference; fileEncoding = 4; lastKnownFileType = sourcecode.c.objc; path = SecondViewController.m; sourceTree = "<group>"; };
		83A85B3F164AB602001F2B18 /* SecondViewController.xib */ = {isa = PBXFileReference; fileEncoding = 4; lastKnownFileType = file.xib; path = SecondViewController.xib; sourceTree = "<group>"; };
/* End PBXFileReference section */

/* Begin PBXFrameworksBuildPhase section */
		83A85B13164AB5BC001F2B18 /* Frameworks */ = {
			isa = PBXFrameworksBuildPhase;
			buildActionMask = 2147483647;
			files = (
				83A85B1B164AB5BC001F2B18 /* UIKit.framework in Frameworks */,
				83A85B1D164AB5BC001F2B18 /* Foundation.framework in Frameworks */,
				83A85B1F164AB5BC001F2B18 /* CoreGraphics.framework in Frameworks */,
			);
			runOnlyForDeploymentPostprocessing = 0;
		};
/* End PBXFrameworksBuildPhase section */

/* Begin PBXGroup section */
		83A85B0B164AB5BC001F2B18 = {
			isa = PBXGroup;
			children = (
				83A85B20164AB5BC001F2B18 /* project3 */,
				83A85B19164AB5BC001F2B18 /* Frameworks */,
				83A85B17164AB5BC001F2B18 /* Products */,
			);
			sourceTree = "<group>";
		};
		83A85B17164AB5BC001F2B18 /* Products */ = {
			isa = PBXGroup;
			children = (
				83A85B16164AB5BC001F2B18 /* project3.app */,
			);
			name = Products;
			sourceTree = "<group>";
		};
		83A85B19164AB5BC001F2B18 /* Frameworks */ = {
			isa = PBXGroup;
			children = (
				83A85B1A164AB5BC001F2B18 /* UIKit.framework */,
				83A85B1C164AB5BC001F2B18 /* Foundation.framework */,
				83A85B1E164AB5BC001F2B18 /* CoreGraphics.framework */,
			);
			name = Frameworks;
			sourceTree = "<group>";
		};
		83A85B20164AB5BC001F2B18 /* project3 */ = {
			isa = PBXGroup;
			children = (
				83A85B29164AB5BC001F2B18 /* AppDelegate.h */,
				83A85B2A164AB5BC001F2B18 /* AppDelegate.m */,
				83A85B32164AB5BD001F2B18 /* ViewController.h */,
				83A85B33164AB5BD001F2B18 /* ViewController.m */,
				83A85B35164AB5BD001F2B18 /* ViewController.xib */,
				83A85B21164AB5BC001F2B18 /* Supporting Files */,
				83A85B3D164AB602001F2B18 /* SecondViewController.h */,
				83A85B3E164AB602001F2B18 /* SecondViewController.m */,
				83A85B3F164AB602001F2B18 /* SecondViewController.xib */,
			);
			path = project3;
			sourceTree = "<group>";
		};
		83A85B21164AB5BC001F2B18 /* Supporting Files */ = {
			isa = PBXGroup;
			children = (
				83A85B22164AB5BC001F2B18 /* project3-Info.plist */,
				83A85B23164AB5BC001F2B18 /* InfoPlist.strings */,
				83A85B26164AB5BC001F2B18 /* main.m */,
				83A85B28164AB5BC001F2B18 /* project3-Prefix.pch */,
				83A85B2C164AB5BD001F2B18 /* Default.png */,
				83A85B2E164AB5BD001F2B18 /* Default@2x.png */,
				83A85B30164AB5BD001F2B18 /* Default-568h@2x.png */,
			);
			name = "Supporting Files";
			sourceTree = "<group>";
		};
/* End PBXGroup section */

/* Begin PBXNativeTarget section */
		83A85B15164AB5BC001F2B18 /* project3 */ = {
			isa = PBXNativeTarget;
			buildConfigurationList = 83A85B3A164AB5BD001F2B18 /* Build configuration list for PBXNativeTarget "project3" */;
			buildPhases = (
				83A85B12164AB5BC001F2B18 /* Sources */,
				83A85B13164AB5BC001F2B18 /* Frameworks */,
				83A85B14164AB5BC001F2B18 /* Resources */,
			);
			buildRules = (
			);
			dependencies = (
			);
			name = project3;
			productName = project3;
			productReference = 83A85B16164AB5BC001F2B18 /* project3.app */;
			productType = "com.apple.product-type.application";
		};
/* End PBXNativeTarget section */

/* Begin PBXProject section */
		83A85B0D164AB5BC001F2B18 /* Project object */ = {
			isa = PBXProject;
			attributes = {
				LastUpgradeCheck = 0450;
				ORGANIZATIONNAME = "Rueben Anderson";
			};
			buildConfigurationList = 83A85B10164AB5BC001F2B18 /* Build configuration list for PBXProject "project3" */;
			compatibilityVersion = "Xcode 3.2";
			developmentRegion = English;
			hasScannedForEncodings = 0;
			knownRegions = (
				en,
			);
			mainGroup = 83A85B0B164AB5BC001F2B18;
			productRefGroup = 83A85B17164AB5BC001F2B18 /* Products */;
			projectDirPath = "";
			projectRoot = "";
			targets = (
				83A85B15164AB5BC001F2B18 /* project3 */,
			);
		};
/* End PBXProject section */

/* Begin PBXResourcesBuildPhase section */
		83A85B14164AB5BC001F2B18 /* Resources */ = {
			isa = PBXResourcesBuildPhase;
			buildActionMask = 2147483647;
			files = (
				83A85B25164AB5BC001F2B18 /* InfoPlist.strings in Resources */,
				83A85B2D164AB5BD001F2B18 /* Default.png in Resources */,
				83A85B2F164AB5BD001F2B18 /* Default@2x.png in Resources */,
				83A85B31164AB5BD001F2B18 /* Default-568h@2x.png in Resources */,
				83A85B37164AB5BD001F2B18 /* ViewController.xib in Resources */,
				83A85B41164AB602001F2B18 /* SecondViewController.xib in Resources */,
			);
			runOnlyForDeploymentPostprocessing = 0;
		};
/* End PBXResourcesBuildPhase section */

/* Begin PBXSourcesBuildPhase section */
		83A85B12164AB5BC001F2B18 /* Sources */ = {
			isa = PBXSourcesBuildPhase;
			buildActionMask = 2147483647;
			files = (
				83A85B27164AB5BC001F2B18 /* main.m in Sources */,
				83A85B2B164AB5BC001F2B18 /* AppDelegate.m in Sources */,
				83A85B34164AB5BD001F2B18 /* ViewController.m in Sources */,
				83A85B40164AB602001F2B18 /* SecondViewController.m in Sources */,
			);
			runOnlyForDeploymentPostprocessing = 0;
		};
/* End PBXSourcesBuildPhase section */

/* Begin PBXVariantGroup section */
		83A85B23164AB5BC001F2B18 /* InfoPlist.strings */ = {
			isa = PBXVariantGroup;
			children = (
				83A85B24164AB5BC001F2B18 /* en */,
			);
			name = InfoPlist.strings;
			sourceTree = "<group>";
		};
		83A85B35164AB5BD001F2B18 /* ViewController.xib */ = {
			isa = PBXVariantGroup;
			children = (
				83A85B36164AB5BD001F2B18 /* en */,
			);
			name = ViewController.xib;
			sourceTree = "<group>";
		};
/* End PBXVariantGroup section */

/* Begin XCBuildConfiguration section */
		83A85B38164AB5BD001F2B18 /* Debug */ = {
			isa = XCBuildConfiguration;
			buildSettings = {
				ALWAYS_SEARCH_USER_PATHS = NO;
				CLANG_CXX_LANGUAGE_STANDARD = "gnu++0x";
				CLANG_CXX_LIBRARY = "libc++";
				CLANG_WARN_EMPTY_BODY = YES;
				CLANG_WARN__DUPLICATE_METHOD_MATCH = YES;
				"CODE_SIGN_IDENTITY[sdk=iphoneos*]" = "iPhone Developer";
				COPY_PHASE_STRIP = NO;
				GCC_C_LANGUAGE_STANDARD = gnu99;
				GCC_DYNAMIC_NO_PIC = NO;
				GCC_OPTIMIZATION_LEVEL = 0;
				GCC_PREPROCESSOR_DEFINITIONS = (
					"DEBUG=1",
					"$(inherited)",
				);
				GCC_SYMBOLS_PRIVATE_EXTERN = NO;
				GCC_WARN_ABOUT_RETURN_TYPE = YES;
				GCC_WARN_UNINITIALIZED_AUTOS = YES;
				GCC_WARN_UNUSED_VARIABLE = YES;
				IPHONEOS_DEPLOYMENT_TARGET = 6.0;
				ONLY_ACTIVE_ARCH = YES;
				SDKROOT = iphoneos;
			};
			name = Debug;
		};
		83A85B39164AB5BD001F2B18 /* Release */ = {
			isa = XCBuildConfiguration;
			buildSettings = {
				ALWAYS_SEARCH_USER_PATHS = NO;
				CLANG_CXX_LANGUAGE_STANDARD = "gnu++0x";
				CLANG_CXX_LIBRARY = "libc++";
				CLANG_WARN_EMPTY_BODY = YES;
				CLANG_WARN__DUPLICATE_METHOD_MATCH = YES;
				"CODE_SIGN_IDENTITY[sdk=iphoneos*]" = "iPhone Developer";
				COPY_PHASE_STRIP = YES;
				GCC_C_LANGUAGE_STANDARD = gnu99;
				GCC_WARN_ABOUT_RETURN_TYPE = YES;
				GCC_WARN_UNINITIALIZED_AUTOS = YES;
				GCC_WARN_UNUSED_VARIABLE = YES;
				IPHONEOS_DEPLOYMENT_TARGET = 6.0;
				OTHER_CFLAGS = "-DNS_BLOCK_ASSERTIONS=1";
				SDKROOT = iphoneos;
				VALIDATE_PRODUCT = YES;
			};
			name = Release;
		};
		83A85B3B164AB5BD001F2B18 /* Debug */ = {
			isa = XCBuildConfiguration;
			buildSettings = {
				GCC_PRECOMPILE_PREFIX_HEADER = YES;
				GCC_PREFIX_HEADER = "project3/project3-Prefix.pch";
				INFOPLIST_FILE = "project3/project3-Info.plist";
				PRODUCT_NAME = "$(TARGET_NAME)";
				WRAPPER_EXTENSION = app;
			};
			name = Debug;
		};
		83A85B3C164AB5BD001F2B18 /* Release */ = {
			isa = XCBuildConfiguration;
			buildSettings = {
				GCC_PRECOMPILE_PREFIX_HEADER = YES;
				GCC_PREFIX_HEADER = "project3/project3-Prefix.pch";
				INFOPLIST_FILE = "project3/project3-Info.plist";
				PRODUCT_NAME = "$(TARGET_NAME)";
				WRAPPER_EXTENSION = app;
			};
			name = Release;
		};
/* End XCBuildConfiguration section */

/* Begin XCConfigurationList section */
		83A85B10164AB5BC001F2B18 /* Build configuration list for PBXProject "project3" */ = {
			isa = XCConfigurationList;
			buildConfigurations = (
				83A85B38164AB5BD001F2B18 /* Debug */,
				83A85B39164AB5BD001F2B18 /* Release */,
			);
			defaultConfigurationIsVisible = 0;
			defaultConfigurationName = Release;
		};
		83A85B3A164AB5BD001F2B18 /* Build configuration list for PBXNativeTarget "project3" */ = {
			isa = XCConfigurationList;
			buildConfigurations = (
				83A85B3B164AB5BD001F2B18 /* Debug */,
				83A85B3C164AB5BD001F2B18 /* Release */,
			);
			defaultConfigurationIsVisible = 0;
		};
/* End XCConfigurationList section */
	};
	rootObject = 83A85B0D164AB5BC001F2B18 /* Project object */;
}
