// !$*UTF8*$!
{
	archiveVersion = 1;
	classes = {
	};
	objectVersion = 46;
	objects = {

/* Begin PBXBuildFile section */
		83614B971653EE480014F7DA /* UIKit.framework in Frameworks */ = {isa = PBXBuildFile; fileRef = 83614B961653EE480014F7DA /* UIKit.framework */; };
		83614B991653EE480014F7DA /* Foundation.framework in Frameworks */ = {isa = PBXBuildFile; fileRef = 83614B981653EE480014F7DA /* Foundation.framework */; };
		83614B9B1653EE480014F7DA /* CoreGraphics.framework in Frameworks */ = {isa = PBXBuildFile; fileRef = 83614B9A1653EE480014F7DA /* CoreGraphics.framework */; };
		83614BA11653EE480014F7DA /* InfoPlist.strings in Resources */ = {isa = PBXBuildFile; fileRef = 83614B9F1653EE480014F7DA /* InfoPlist.strings */; };
		83614BA31653EE480014F7DA /* main.m in Sources */ = {isa = PBXBuildFile; fileRef = 83614BA21653EE480014F7DA /* main.m */; };
		83614BA71653EE480014F7DA /* AppDelegate.m in Sources */ = {isa = PBXBuildFile; fileRef = 83614BA61653EE480014F7DA /* AppDelegate.m */; };
		83614BA91653EE480014F7DA /* Default.png in Resources */ = {isa = PBXBuildFile; fileRef = 83614BA81653EE480014F7DA /* Default.png */; };
		83614BAB1653EE480014F7DA /* Default@2x.png in Resources */ = {isa = PBXBuildFile; fileRef = 83614BAA1653EE480014F7DA /* Default@2x.png */; };
		83614BAD1653EE480014F7DA /* Default-568h@2x.png in Resources */ = {isa = PBXBuildFile; fileRef = 83614BAC1653EE480014F7DA /* Default-568h@2x.png */; };
		83614BB01653EE480014F7DA /* ViewController.m in Sources */ = {isa = PBXBuildFile; fileRef = 83614BAF1653EE480014F7DA /* ViewController.m */; };
		83614BB31653EE480014F7DA /* ViewController.xib in Resources */ = {isa = PBXBuildFile; fileRef = 83614BB11653EE480014F7DA /* ViewController.xib */; };
		83614BBC1653EEAC0014F7DA /* SecondViewController.m in Sources */ = {isa = PBXBuildFile; fileRef = 83614BBA1653EEAC0014F7DA /* SecondViewController.m */; };
		83614BBD1653EEAC0014F7DA /* SecondViewController.xib in Resources */ = {isa = PBXBuildFile; fileRef = 83614BBB1653EEAC0014F7DA /* SecondViewController.xib */; };
/* End PBXBuildFile section */

/* Begin PBXFileReference section */
		83614B921653EE480014F7DA /* project4.app */ = {isa = PBXFileReference; explicitFileType = wrapper.application; includeInIndex = 0; path = project4.app; sourceTree = BUILT_PRODUCTS_DIR; };
		83614B961653EE480014F7DA /* UIKit.framework */ = {isa = PBXFileReference; lastKnownFileType = wrapper.framework; name = UIKit.framework; path = System/Library/Frameworks/UIKit.framework; sourceTree = SDKROOT; };
		83614B981653EE480014F7DA /* Foundation.framework */ = {isa = PBXFileReference; lastKnownFileType = wrapper.framework; name = Foundation.framework; path = System/Library/Frameworks/Foundation.framework; sourceTree = SDKROOT; };
		83614B9A1653EE480014F7DA /* CoreGraphics.framework */ = {isa = PBXFileReference; lastKnownFileType = wrapper.framework; name = CoreGraphics.framework; path = System/Library/Frameworks/CoreGraphics.framework; sourceTree = SDKROOT; };
		83614B9E1653EE480014F7DA /* project4-Info.plist */ = {isa = PBXFileReference; lastKnownFileType = text.plist.xml; path = "project4-Info.plist"; sourceTree = "<group>"; };
		83614BA01653EE480014F7DA /* en */ = {isa = PBXFileReference; lastKnownFileType = text.plist.strings; name = en; path = en.lproj/InfoPlist.strings; sourceTree = "<group>"; };
		83614BA21653EE480014F7DA /* main.m */ = {isa = PBXFileReference; lastKnownFileType = sourcecode.c.objc; path = main.m; sourceTree = "<group>"; };
		83614BA41653EE480014F7DA /* project4-Prefix.pch */ = {isa = PBXFileReference; lastKnownFileType = sourcecode.c.h; path = "project4-Prefix.pch"; sourceTree = "<group>"; };
		83614BA51653EE480014F7DA /* AppDelegate.h */ = {isa = PBXFileReference; lastKnownFileType = sourcecode.c.h; path = AppDelegate.h; sourceTree = "<group>"; };
		83614BA61653EE480014F7DA /* AppDelegate.m */ = {isa = PBXFileReference; lastKnownFileType = sourcecode.c.objc; path = AppDelegate.m; sourceTree = "<group>"; };
		83614BA81653EE480014F7DA /* Default.png */ = {isa = PBXFileReference; lastKnownFileType = image.png; path = Default.png; sourceTree = "<group>"; };
		83614BAA1653EE480014F7DA /* Default@2x.png */ = {isa = PBXFileReference; lastKnownFileType = image.png; path = "Default@2x.png"; sourceTree = "<group>"; };
		83614BAC1653EE480014F7DA /* Default-568h@2x.png */ = {isa = PBXFileReference; lastKnownFileType = image.png; path = "Default-568h@2x.png"; sourceTree = "<group>"; };
		83614BAE1653EE480014F7DA /* ViewController.h */ = {isa = PBXFileReference; lastKnownFileType = sourcecode.c.h; path = ViewController.h; sourceTree = "<group>"; };
		83614BAF1653EE480014F7DA /* ViewController.m */ = {isa = PBXFileReference; lastKnownFileType = sourcecode.c.objc; path = ViewController.m; sourceTree = "<group>"; };
		83614BB21653EE480014F7DA /* en */ = {isa = PBXFileReference; lastKnownFileType = file.xib; name = en; path = en.lproj/ViewController.xib; sourceTree = "<group>"; };
		83614BB91653EEAC0014F7DA /* SecondViewController.h */ = {isa = PBXFileReference; fileEncoding = 4; lastKnownFileType = sourcecode.c.h; path = SecondViewController.h; sourceTree = "<group>"; };
		83614BBA1653EEAC0014F7DA /* SecondViewController.m */ = {isa = PBXFileReference; fileEncoding = 4; lastKnownFileType = sourcecode.c.objc; path = SecondViewController.m; sourceTree = "<group>"; };
		83614BBB1653EEAC0014F7DA /* SecondViewController.xib */ = {isa = PBXFileReference; fileEncoding = 4; lastKnownFileType = file.xib; path = SecondViewController.xib; sourceTree = "<group>"; };
/* End PBXFileReference section */

/* Begin PBXFrameworksBuildPhase section */
		83614B8F1653EE480014F7DA /* Frameworks */ = {
			isa = PBXFrameworksBuildPhase;
			buildActionMask = 2147483647;
			files = (
				83614B971653EE480014F7DA /* UIKit.framework in Frameworks */,
				83614B991653EE480014F7DA /* Foundation.framework in Frameworks */,
				83614B9B1653EE480014F7DA /* CoreGraphics.framework in Frameworks */,
			);
			runOnlyForDeploymentPostprocessing = 0;
		};
/* End PBXFrameworksBuildPhase section */

/* Begin PBXGroup section */
		83614B871653EE470014F7DA = {
			isa = PBXGroup;
			children = (
				83614B9C1653EE480014F7DA /* project4 */,
				83614B951653EE480014F7DA /* Frameworks */,
				83614B931653EE480014F7DA /* Products */,
			);
			sourceTree = "<group>";
		};
		83614B931653EE480014F7DA /* Products */ = {
			isa = PBXGroup;
			children = (
				83614B921653EE480014F7DA /* project4.app */,
			);
			name = Products;
			sourceTree = "<group>";
		};
		83614B951653EE480014F7DA /* Frameworks */ = {
			isa = PBXGroup;
			children = (
				83614B961653EE480014F7DA /* UIKit.framework */,
				83614B981653EE480014F7DA /* Foundation.framework */,
				83614B9A1653EE480014F7DA /* CoreGraphics.framework */,
			);
			name = Frameworks;
			sourceTree = "<group>";
		};
		83614B9C1653EE480014F7DA /* project4 */ = {
			isa = PBXGroup;
			children = (
				83614BA51653EE480014F7DA /* AppDelegate.h */,
				83614BA61653EE480014F7DA /* AppDelegate.m */,
				83614BAE1653EE480014F7DA /* ViewController.h */,
				83614BAF1653EE480014F7DA /* ViewController.m */,
				83614BB11653EE480014F7DA /* ViewController.xib */,
				83614B9D1653EE480014F7DA /* Supporting Files */,
				83614BB91653EEAC0014F7DA /* SecondViewController.h */,
				83614BBA1653EEAC0014F7DA /* SecondViewController.m */,
				83614BBB1653EEAC0014F7DA /* SecondViewController.xib */,
			);
			path = project4;
			sourceTree = "<group>";
		};
		83614B9D1653EE480014F7DA /* Supporting Files */ = {
			isa = PBXGroup;
			children = (
				83614B9E1653EE480014F7DA /* project4-Info.plist */,
				83614B9F1653EE480014F7DA /* InfoPlist.strings */,
				83614BA21653EE480014F7DA /* main.m */,
				83614BA41653EE480014F7DA /* project4-Prefix.pch */,
				83614BA81653EE480014F7DA /* Default.png */,
				83614BAA1653EE480014F7DA /* Default@2x.png */,
				83614BAC1653EE480014F7DA /* Default-568h@2x.png */,
			);
			name = "Supporting Files";
			sourceTree = "<group>";
		};
/* End PBXGroup section */

/* Begin PBXNativeTarget section */
		83614B911653EE480014F7DA /* project4 */ = {
			isa = PBXNativeTarget;
			buildConfigurationList = 83614BB61653EE480014F7DA /* Build configuration list for PBXNativeTarget "project4" */;
			buildPhases = (
				83614B8E1653EE480014F7DA /* Sources */,
				83614B8F1653EE480014F7DA /* Frameworks */,
				83614B901653EE480014F7DA /* Resources */,
			);
			buildRules = (
			);
			dependencies = (
			);
			name = project4;
			productName = project4;
			productReference = 83614B921653EE480014F7DA /* project4.app */;
			productType = "com.apple.product-type.application";
		};
/* End PBXNativeTarget section */

/* Begin PBXProject section */
		83614B891653EE470014F7DA /* Project object */ = {
			isa = PBXProject;
			attributes = {
				LastUpgradeCheck = 0450;
				ORGANIZATIONNAME = "Rueben Anderson";
			};
			buildConfigurationList = 83614B8C1653EE480014F7DA /* Build configuration list for PBXProject "project4" */;
			compatibilityVersion = "Xcode 3.2";
			developmentRegion = English;
			hasScannedForEncodings = 0;
			knownRegions = (
				en,
			);
			mainGroup = 83614B871653EE470014F7DA;
			productRefGroup = 83614B931653EE480014F7DA /* Products */;
			projectDirPath = "";
			projectRoot = "";
			targets = (
				83614B911653EE480014F7DA /* project4 */,
			);
		};
/* End PBXProject section */

/* Begin PBXResourcesBuildPhase section */
		83614B901653EE480014F7DA /* Resources */ = {
			isa = PBXResourcesBuildPhase;
			buildActionMask = 2147483647;
			files = (
				83614BA11653EE480014F7DA /* InfoPlist.strings in Resources */,
				83614BA91653EE480014F7DA /* Default.png in Resources */,
				83614BAB1653EE480014F7DA /* Default@2x.png in Resources */,
				83614BAD1653EE480014F7DA /* Default-568h@2x.png in Resources */,
				83614BB31653EE480014F7DA /* ViewController.xib in Resources */,
				83614BBD1653EEAC0014F7DA /* SecondViewController.xib in Resources */,
			);
			runOnlyForDeploymentPostprocessing = 0;
		};
/* End PBXResourcesBuildPhase section */

/* Begin PBXSourcesBuildPhase section */
		83614B8E1653EE480014F7DA /* Sources */ = {
			isa = PBXSourcesBuildPhase;
			buildActionMask = 2147483647;
			files = (
				83614BA31653EE480014F7DA /* main.m in Sources */,
				83614BA71653EE480014F7DA /* AppDelegate.m in Sources */,
				83614BB01653EE480014F7DA /* ViewController.m in Sources */,
				83614BBC1653EEAC0014F7DA /* SecondViewController.m in Sources */,
			);
			runOnlyForDeploymentPostprocessing = 0;
		};
/* End PBXSourcesBuildPhase section */

/* Begin PBXVariantGroup section */
		83614B9F1653EE480014F7DA /* InfoPlist.strings */ = {
			isa = PBXVariantGroup;
			children = (
				83614BA01653EE480014F7DA /* en */,
			);
			name = InfoPlist.strings;
			sourceTree = "<group>";
		};
		83614BB11653EE480014F7DA /* ViewController.xib */ = {
			isa = PBXVariantGroup;
			children = (
				83614BB21653EE480014F7DA /* en */,
			);
			name = ViewController.xib;
			sourceTree = "<group>";
		};
/* End PBXVariantGroup section */

/* Begin XCBuildConfiguration section */
		83614BB41653EE480014F7DA /* Debug */ = {
			isa = XCBuildConfiguration;
			buildSettings = {
				ALWAYS_SEARCH_USER_PATHS = NO;
				CLANG_CXX_LANGUAGE_STANDARD = "gnu++0x";
				CLANG_CXX_LIBRARY = "libc++";
				CLANG_WARN_EMPTY_BODY = YES;
				CLANG_WARN__DUPLICATE_METHOD_MATCH = YES;
				"CODE_SIGN_IDENTITY[sdk=iphoneos*]" = "iPhone Developer";
				COPY_PHASE_STRIP = NO;
				GCC_C_LANGUAGE_STANDARD = gnu99;
				GCC_DYNAMIC_NO_PIC = NO;
				GCC_OPTIMIZATION_LEVEL = 0;
				GCC_PREPROCESSOR_DEFINITIONS = (
					"DEBUG=1",
					"$(inherited)",
				);
				GCC_SYMBOLS_PRIVATE_EXTERN = NO;
				GCC_WARN_ABOUT_RETURN_TYPE = YES;
				GCC_WARN_UNINITIALIZED_AUTOS = YES;
				GCC_WARN_UNUSED_VARIABLE = YES;
				IPHONEOS_DEPLOYMENT_TARGET = 6.0;
				ONLY_ACTIVE_ARCH = YES;
				SDKROOT = iphoneos;
			};
			name = Debug;
		};
		83614BB51653EE480014F7DA /* Release */ = {
			isa = XCBuildConfiguration;
			buildSettings = {
				ALWAYS_SEARCH_USER_PATHS = NO;
				CLANG_CXX_LANGUAGE_STANDARD = "gnu++0x";
				CLANG_CXX_LIBRARY = "libc++";
				CLANG_WARN_EMPTY_BODY = YES;
				CLANG_WARN__DUPLICATE_METHOD_MATCH = YES;
				"CODE_SIGN_IDENTITY[sdk=iphoneos*]" = "iPhone Developer";
				COPY_PHASE_STRIP = YES;
				GCC_C_LANGUAGE_STANDARD = gnu99;
				GCC_WARN_ABOUT_RETURN_TYPE = YES;
				GCC_WARN_UNINITIALIZED_AUTOS = YES;
				GCC_WARN_UNUSED_VARIABLE = YES;
				IPHONEOS_DEPLOYMENT_TARGET = 6.0;
				OTHER_CFLAGS = "-DNS_BLOCK_ASSERTIONS=1";
				SDKROOT = iphoneos;
				VALIDATE_PRODUCT = YES;
			};
			name = Release;
		};
		83614BB71653EE480014F7DA /* Debug */ = {
			isa = XCBuildConfiguration;
			buildSettings = {
				GCC_PRECOMPILE_PREFIX_HEADER = YES;
				GCC_PREFIX_HEADER = "project4/project4-Prefix.pch";
				INFOPLIST_FILE = "project4/project4-Info.plist";
				PRODUCT_NAME = "$(TARGET_NAME)";
				WRAPPER_EXTENSION = app;
			};
			name = Debug;
		};
		83614BB81653EE480014F7DA /* Release */ = {
			isa = XCBuildConfiguration;
			buildSettings = {
				GCC_PRECOMPILE_PREFIX_HEADER = YES;
				GCC_PREFIX_HEADER = "project4/project4-Prefix.pch";
				INFOPLIST_FILE = "project4/project4-Info.plist";
				PRODUCT_NAME = "$(TARGET_NAME)";
				WRAPPER_EXTENSION = app;
			};
			name = Release;
		};
/* End XCBuildConfiguration section */

/* Begin XCConfigurationList section */
		83614B8C1653EE480014F7DA /* Build configuration list for PBXProject "project4" */ = {
			isa = XCConfigurationList;
			buildConfigurations = (
				83614BB41653EE480014F7DA /* Debug */,
				83614BB51653EE480014F7DA /* Release */,
			);
			defaultConfigurationIsVisible = 0;
			defaultConfigurationName = Release;
		};
		83614BB61653EE480014F7DA /* Build configuration list for PBXNativeTarget "project4" */ = {
			isa = XCConfigurationList;
			buildConfigurations = (
				83614BB71653EE480014F7DA /* Debug */,
				83614BB81653EE480014F7DA /* Release */,
			);
			defaultConfigurationIsVisible = 0;
		};
/* End XCConfigurationList section */
	};
	rootObject = 83614B891653EE470014F7DA /* Project object */;
}
